
Microsoft Visual Studio Solution File, Format Version 12.00
# Visual Studio Version 17
VisualStudioVersion = 17.9.34728.123
MinimumVisualStudioVersion = 10.0.40219.1
Project("{FAE04EC0-301F-11D3-BF4B-00C04F79EFBC}") = "ConsoleApp1", "ConsoleApp1\ConsoleApp1.csproj", "{88615335-2EC0-4E7E-8DF2-AE157CC08007}"
EndProject
Project("{FAE04EC0-301F-11D3-BF4B-00C04F79EFBC}") = "Unitest", "Unitest\Unitest.csproj", "{4DFFA535-8AD1-42EB-9C5A-87665600B910}"
EndProject
Global
	GlobalSection(SolutionConfigurationPlatforms) = preSolution
		Debug|Any CPU = Debug|Any CPU
		Release|Any CPU = Release|Any CPU
	EndGlobalSection
	GlobalSection(ProjectConfigurationPlatforms) = postSolution
		{88615335-2EC0-4E7E-8DF2-AE157CC08007}.Debug|Any CPU.ActiveCfg = Debug|Any CPU
		{88615335-2EC0-4E7E-8DF2-AE157CC08007}.Debug|Any CPU.Build.0 = Debug|Any CPU
		{88615335-2EC0-4E7E-8DF2-AE157CC08007}.Release|Any CPU.ActiveCfg = Release|Any CPU
		{88615335-2EC0-4E7E-8DF2-AE157CC08007}.Release|Any CPU.Build.0 = Release|Any CPU
		{4DFFA535-8AD1-42EB-9C5A-87665600B910}.Debug|Any CPU.ActiveCfg = Debug|Any CPU
		{4DFFA535-8AD1-42EB-9C5A-87665600B910}.Debug|Any CPU.Build.0 = Debug|Any CPU
		{4DFFA535-8AD1-42EB-9C5A-87665600B910}.Release|Any CPU.ActiveCfg = Release|Any CPU
		{4DFFA535-8AD1-42EB-9C5A-87665600B910}.Release|Any CPU.Build.0 = Release|Any CPU
	EndGlobalSection
	GlobalSection(SolutionProperties) = preSolution
		HideSolutionNode = FALSE
	EndGlobalSection
	GlobalSection(ExtensibilityGlobals) = postSolution
		SolutionGuid = {4935AFE1-D487-493C-88B5-DE3B00E16539}
	EndGlobalSection
EndGlobal
